// !$*UTF8*$!
{
	archiveVersion = 1;
	classes = {
	};
	objectVersion = 46;
	objects = {

/* Begin PBXBuildFile section */
		EE051C581ADE745A00366A91 /* AppDelegate.swift in Sources */ = {isa = PBXBuildFile; fileRef = EE051C571ADE745A00366A91 /* AppDelegate.swift */; };
		EE051C5A1ADE745A00366A91 /* PlaylistMasterViewController.swift in Sources */ = {isa = PBXBuildFile; fileRef = EE051C591ADE745A00366A91 /* PlaylistMasterViewController.swift */; };
		EE051C5D1ADE745A00366A91 /* Main.storyboard in Resources */ = {isa = PBXBuildFile; fileRef = EE051C5B1ADE745A00366A91 /* Main.storyboard */; };
		EE051C5F1ADE745A00366A91 /* Images.xcassets in Resources */ = {isa = PBXBuildFile; fileRef = EE051C5E1ADE745A00366A91 /* Images.xcassets */; };
		EE051C621ADE745A00366A91 /* LaunchScreen.xib in Resources */ = {isa = PBXBuildFile; fileRef = EE051C601ADE745A00366A91 /* LaunchScreen.xib */; };
		EE051C6E1ADE745A00366A91 /* AlgorhythmTests.swift in Sources */ = {isa = PBXBuildFile; fileRef = EE051C6D1ADE745A00366A91 /* AlgorhythmTests.swift */; };
		EE051C781ADE787D00366A91 /* PlaylistDetailViewController.swift in Sources */ = {isa = PBXBuildFile; fileRef = EE051C771ADE787C00366A91 /* PlaylistDetailViewController.swift */; };
		EE051C7A1ADE8A4B00366A91 /* MusicLibrary.swift in Sources */ = {isa = PBXBuildFile; fileRef = EE051C791ADE8A4B00366A91 /* MusicLibrary.swift */; };
		EE051C7C1ADE8C3B00366A91 /* Playlist.swift in Sources */ = {isa = PBXBuildFile; fileRef = EE051C7B1ADE8C3B00366A91 /* Playlist.swift */; };
/* End PBXBuildFile section */

/* Begin PBXContainerItemProxy section */
		EE051C681ADE745A00366A91 /* PBXContainerItemProxy */ = {
			isa = PBXContainerItemProxy;
			containerPortal = EE051C4A1ADE745A00366A91 /* Project object */;
			proxyType = 1;
			remoteGlobalIDString = EE051C511ADE745A00366A91;
			remoteInfo = Algorhythm;
		};
/* End PBXContainerItemProxy section */

/* Begin PBXFileReference section */
		EE051C521ADE745A00366A91 /* Algorhythm.app */ = {isa = PBXFileReference; explicitFileType = wrapper.application; includeInIndex = 0; path = Algorhythm.app; sourceTree = BUILT_PRODUCTS_DIR; };
		EE051C561ADE745A00366A91 /* Info.plist */ = {isa = PBXFileReference; lastKnownFileType = text.plist.xml; path = Info.plist; sourceTree = "<group>"; };
		EE051C571ADE745A00366A91 /* AppDelegate.swift */ = {isa = PBXFileReference; lastKnownFileType = sourcecode.swift; path = AppDelegate.swift; sourceTree = "<group>"; };
		EE051C591ADE745A00366A91 /* PlaylistMasterViewController.swift */ = {isa = PBXFileReference; lastKnownFileType = sourcecode.swift; path = PlaylistMasterViewController.swift; sourceTree = "<group>"; };
		EE051C5C1ADE745A00366A91 /* Base */ = {isa = PBXFileReference; lastKnownFileType = file.storyboard; name = Base; path = Base.lproj/Main.storyboard; sourceTree = "<group>"; };
		EE051C5E1ADE745A00366A91 /* Images.xcassets */ = {isa = PBXFileReference; lastKnownFileType = folder.assetcatalog; path = Images.xcassets; sourceTree = "<group>"; };
		EE051C611ADE745A00366A91 /* Base */ = {isa = PBXFileReference; lastKnownFileType = file.xib; name = Base; path = Base.lproj/LaunchScreen.xib; sourceTree = "<group>"; };
		EE051C671ADE745A00366A91 /* AlgorhythmTests.xctest */ = {isa = PBXFileReference; explicitFileType = wrapper.cfbundle; includeInIndex = 0; path = AlgorhythmTests.xctest; sourceTree = BUILT_PRODUCTS_DIR; };
		EE051C6C1ADE745A00366A91 /* Info.plist */ = {isa = PBXFileReference; lastKnownFileType = text.plist.xml; path = Info.plist; sourceTree = "<group>"; };
		EE051C6D1ADE745A00366A91 /* AlgorhythmTests.swift */ = {isa = PBXFileReference; lastKnownFileType = sourcecode.swift; path = AlgorhythmTests.swift; sourceTree = "<group>"; };
		EE051C771ADE787C00366A91 /* PlaylistDetailViewController.swift */ = {isa = PBXFileReference; fileEncoding = 4; lastKnownFileType = sourcecode.swift; path = PlaylistDetailViewController.swift; sourceTree = "<group>"; };
		EE051C791ADE8A4B00366A91 /* MusicLibrary.swift */ = {isa = PBXFileReference; fileEncoding = 4; lastKnownFileType = sourcecode.swift; path = MusicLibrary.swift; sourceTree = "<group>"; };
		EE051C7B1ADE8C3B00366A91 /* Playlist.swift */ = {isa = PBXFileReference; fileEncoding = 4; lastKnownFileType = sourcecode.swift; path = Playlist.swift; sourceTree = "<group>"; };
/* End PBXFileReference section */

/* Begin PBXFrameworksBuildPhase section */
		EE051C4F1ADE745A00366A91 /* Frameworks */ = {
			isa = PBXFrameworksBuildPhase;
			buildActionMask = 2147483647;
			files = (
			);
			runOnlyForDeploymentPostprocessing = 0;
		};
		EE051C641ADE745A00366A91 /* Frameworks */ = {
			isa = PBXFrameworksBuildPhase;
			buildActionMask = 2147483647;
			files = (
			);
			runOnlyForDeploymentPostprocessing = 0;
		};
/* End PBXFrameworksBuildPhase section */

/* Begin PBXGroup section */
		EE051C491ADE745A00366A91 = {
			isa = PBXGroup;
			children = (
				EE051C541ADE745A00366A91 /* Algorhythm */,
				EE051C6A1ADE745A00366A91 /* AlgorhythmTests */,
				EE051C531ADE745A00366A91 /* Products */,
			);
			sourceTree = "<group>";
		};
		EE051C531ADE745A00366A91 /* Products */ = {
			isa = PBXGroup;
			children = (
				EE051C521ADE745A00366A91 /* Algorhythm.app */,
				EE051C671ADE745A00366A91 /* AlgorhythmTests.xctest */,
			);
			name = Products;
			sourceTree = "<group>";
		};
		EE051C541ADE745A00366A91 /* Algorhythm */ = {
			isa = PBXGroup;
			children = (
				EE051C5B1ADE745A00366A91 /* Main.storyboard */,
				EE051C591ADE745A00366A91 /* PlaylistMasterViewController.swift */,
				EE051C771ADE787C00366A91 /* PlaylistDetailViewController.swift */,
				EE051C7B1ADE8C3B00366A91 /* Playlist.swift */,
				EE051C791ADE8A4B00366A91 /* MusicLibrary.swift */,
				EE051C551ADE745A00366A91 /* Supporting Files */,
			);
			path = Algorhythm;
			sourceTree = "<group>";
		};
		EE051C551ADE745A00366A91 /* Supporting Files */ = {
			isa = PBXGroup;
			children = (
				EE051C571ADE745A00366A91 /* AppDelegate.swift */,
				EE051C5E1ADE745A00366A91 /* Images.xcassets */,
				EE051C601ADE745A00366A91 /* LaunchScreen.xib */,
				EE051C561ADE745A00366A91 /* Info.plist */,
			);
			name = "Supporting Files";
			sourceTree = "<group>";
		};
		EE051C6A1ADE745A00366A91 /* AlgorhythmTests */ = {
			isa = PBXGroup;
			children = (
				EE051C6D1ADE745A00366A91 /* AlgorhythmTests.swift */,
				EE051C6B1ADE745A00366A91 /* Supporting Files */,
			);
			path = AlgorhythmTests;
			sourceTree = "<group>";
		};
		EE051C6B1ADE745A00366A91 /* Supporting Files */ = {
			isa = PBXGroup;
			children = (
				EE051C6C1ADE745A00366A91 /* Info.plist */,
			);
			name = "Supporting Files";
			sourceTree = "<group>";
		};
/* End PBXGroup section */

/* Begin PBXNativeTarget section */
		EE051C511ADE745A00366A91 /* Algorhythm */ = {
			isa = PBXNativeTarget;
			buildConfigurationList = EE051C711ADE745A00366A91 /* Build configuration list for PBXNativeTarget "Algorhythm" */;
			buildPhases = (
				EE051C4E1ADE745A00366A91 /* Sources */,
				EE051C4F1ADE745A00366A91 /* Frameworks */,
				EE051C501ADE745A00366A91 /* Resources */,
			);
			buildRules = (
			);
			dependencies = (
			);
			name = Algorhythm;
			productName = Algorhythm;
			productReference = EE051C521ADE745A00366A91 /* Algorhythm.app */;
			productType = "com.apple.product-type.application";
		};
		EE051C661ADE745A00366A91 /* AlgorhythmTests */ = {
			isa = PBXNativeTarget;
			buildConfigurationList = EE051C741ADE745A00366A91 /* Build configuration list for PBXNativeTarget "AlgorhythmTests" */;
			buildPhases = (
				EE051C631ADE745A00366A91 /* Sources */,
				EE051C641ADE745A00366A91 /* Frameworks */,
				EE051C651ADE745A00366A91 /* Resources */,
			);
			buildRules = (
			);
			dependencies = (
				EE051C691ADE745A00366A91 /* PBXTargetDependency */,
			);
			name = AlgorhythmTests;
			productName = AlgorhythmTests;
			productReference = EE051C671ADE745A00366A91 /* AlgorhythmTests.xctest */;
			productType = "com.apple.product-type.bundle.unit-test";
		};
/* End PBXNativeTarget section */

/* Begin PBXProject section */
		EE051C4A1ADE745A00366A91 /* Project object */ = {
			isa = PBXProject;
			attributes = {
				LastUpgradeCheck = 0630;
				ORGANIZATIONNAME = Lunev;
				TargetAttributes = {
					EE051C511ADE745A00366A91 = {
						CreatedOnToolsVersion = 6.3;
					};
					EE051C661ADE745A00366A91 = {
						CreatedOnToolsVersion = 6.3;
						TestTargetID = EE051C511ADE745A00366A91;
					};
				};
			};
			buildConfigurationList = EE051C4D1ADE745A00366A91 /* Build configuration list for PBXProject "Algorhythm" */;
			compatibilityVersion = "Xcode 3.2";
			developmentRegion = English;
			hasScannedForEncodings = 0;
			knownRegions = (
				en,
				Base,
			);
			mainGroup = EE051C491ADE745A00366A91;
			productRefGroup = EE051C531ADE745A00366A91 /* Products */;
			projectDirPath = "";
			projectRoot = "";
			targets = (
				EE051C511ADE745A00366A91 /* Algorhythm */,
				EE051C661ADE745A00366A91 /* AlgorhythmTests */,
			);
		};
/* End PBXProject section */

/* Begin PBXResourcesBuildPhase section */
		EE051C501ADE745A00366A91 /* Resources */ = {
			isa = PBXResourcesBuildPhase;
			buildActionMask = 2147483647;
			files = (
				EE051C5D1ADE745A00366A91 /* Main.storyboard in Resources */,
				EE051C621ADE745A00366A91 /* LaunchScreen.xib in Resources */,
				EE051C5F1ADE745A00366A91 /* Images.xcassets in Resources */,
			);
			runOnlyForDeploymentPostprocessing = 0;
		};
		EE051C651ADE745A00366A91 /* Resources */ = {
			isa = PBXResourcesBuildPhase;
			buildActionMask = 2147483647;
			files = (
			);
			runOnlyForDeploymentPostprocessing = 0;
		};
/* End PBXResourcesBuildPhase section */

/* Begin PBXSourcesBuildPhase section */
		EE051C4E1ADE745A00366A91 /* Sources */ = {
			isa = PBXSourcesBuildPhase;
			buildActionMask = 2147483647;
			files = (
				EE051C781ADE787D00366A91 /* PlaylistDetailViewController.swift in Sources */,
				EE051C5A1ADE745A00366A91 /* PlaylistMasterViewController.swift in Sources */,
				EE051C581ADE745A00366A91 /* AppDelegate.swift in Sources */,
				EE051C7A1ADE8A4B00366A91 /* MusicLibrary.swift in Sources */,
				EE051C7C1ADE8C3B00366A91 /* Playlist.swift in Sources */,
			);
			runOnlyForDeploymentPostprocessing = 0;
		};
		EE051C631ADE745A00366A91 /* Sources */ = {
			isa = PBXSourcesBuildPhase;
			buildActionMask = 2147483647;
			files = (
				EE051C6E1ADE745A00366A91 /* AlgorhythmTests.swift in Sources */,
			);
			runOnlyForDeploymentPostprocessing = 0;
		};
/* End PBXSourcesBuildPhase section */

/* Begin PBXTargetDependency section */
		EE051C691ADE745A00366A91 /* PBXTargetDependency */ = {
			isa = PBXTargetDependency;
			target = EE051C511ADE745A00366A91 /* Algorhythm */;
			targetProxy = EE051C681ADE745A00366A91 /* PBXContainerItemProxy */;
		};
/* End PBXTargetDependency section */

/* Begin PBXVariantGroup section */
		EE051C5B1ADE745A00366A91 /* Main.storyboard */ = {
			isa = PBXVariantGroup;
			children = (
				EE051C5C1ADE745A00366A91 /* Base */,
			);
			name = Main.storyboard;
			sourceTree = "<group>";
		};
		EE051C601ADE745A00366A91 /* LaunchScreen.xib */ = {
			isa = PBXVariantGroup;
			children = (
				EE051C611ADE745A00366A91 /* Base */,
			);
			name = LaunchScreen.xib;
			sourceTree = "<group>";
		};
/* End PBXVariantGroup section */

/* Begin XCBuildConfiguration section */
		EE051C6F1ADE745A00366A91 /* Debug */ = {
			isa = XCBuildConfiguration;
			buildSettings = {
				ALWAYS_SEARCH_USER_PATHS = NO;
				CLANG_CXX_LANGUAGE_STANDARD = "gnu++0x";
				CLANG_CXX_LIBRARY = "libc++";
				CLANG_ENABLE_MODULES = YES;
				CLANG_ENABLE_OBJC_ARC = YES;
				CLANG_WARN_BOOL_CONVERSION = YES;
				CLANG_WARN_CONSTANT_CONVERSION = YES;
				CLANG_WARN_DIRECT_OBJC_ISA_USAGE = YES_ERROR;
				CLANG_WARN_EMPTY_BODY = YES;
				CLANG_WARN_ENUM_CONVERSION = YES;
				CLANG_WARN_INT_CONVERSION = YES;
				CLANG_WARN_OBJC_ROOT_CLASS = YES_ERROR;
				CLANG_WARN_UNREACHABLE_CODE = YES;
				CLANG_WARN__DUPLICATE_METHOD_MATCH = YES;
				"CODE_SIGN_IDENTITY[sdk=iphoneos*]" = "iPhone Developer";
				COPY_PHASE_STRIP = NO;
				DEBUG_INFORMATION_FORMAT = "dwarf-with-dsym";
				ENABLE_STRICT_OBJC_MSGSEND = YES;
				GCC_C_LANGUAGE_STANDARD = gnu99;
				GCC_DYNAMIC_NO_PIC = NO;
				GCC_NO_COMMON_BLOCKS = YES;
				GCC_OPTIMIZATION_LEVEL = 0;
				GCC_PREPROCESSOR_DEFINITIONS = (
					"DEBUG=1",
					"$(inherited)",
				);
				GCC_SYMBOLS_PRIVATE_EXTERN = NO;
				GCC_WARN_64_TO_32_BIT_CONVERSION = YES;
				GCC_WARN_ABOUT_RETURN_TYPE = YES_ERROR;
				GCC_WARN_UNDECLARED_SELECTOR = YES;
				GCC_WARN_UNINITIALIZED_AUTOS = YES_AGGRESSIVE;
				GCC_WARN_UNUSED_FUNCTION = YES;
				GCC_WARN_UNUSED_VARIABLE = YES;
				IPHONEOS_DEPLOYMENT_TARGET = 8.3;
				MTL_ENABLE_DEBUG_INFO = YES;
				ONLY_ACTIVE_ARCH = YES;
				SDKROOT = iphoneos;
				SWIFT_OPTIMIZATION_LEVEL = "-Onone";
			};
			name = Debug;
		};
		EE051C701ADE745A00366A91 /* Release */ = {
			isa = XCBuildConfiguration;
			buildSettings = {
				ALWAYS_SEARCH_USER_PATHS = NO;
				CLANG_CXX_LANGUAGE_STANDARD = "gnu++0x";
				CLANG_CXX_LIBRARY = "libc++";
				CLANG_ENABLE_MODULES = YES;
				CLANG_ENABLE_OBJC_ARC = YES;
				CLANG_WARN_BOOL_CONVERSION = YES;
				CLANG_WARN_CONSTANT_CONVERSION = YES;
				CLANG_WARN_DIRECT_OBJC_ISA_USAGE = YES_ERROR;
				CLANG_WARN_EMPTY_BODY = YES;
				CLANG_WARN_ENUM_CONVERSION = YES;
				CLANG_WARN_INT_CONVERSION = YES;
				CLANG_WARN_OBJC_ROOT_CLASS = YES_ERROR;
				CLANG_WARN_UNREACHABLE_CODE = YES;
				CLANG_WARN__DUPLICATE_METHOD_MATCH = YES;
				"CODE_SIGN_IDENTITY[sdk=iphoneos*]" = "iPhone Developer";
				COPY_PHASE_STRIP = NO;
				DEBUG_INFORMATION_FORMAT = "dwarf-with-dsym";
				ENABLE_NS_ASSERTIONS = NO;
				ENABLE_STRICT_OBJC_MSGSEND = YES;
				GCC_C_LANGUAGE_STANDARD = gnu99;
				GCC_NO_COMMON_BLOCKS = YES;
				GCC_WARN_64_TO_32_BIT_CONVERSION = YES;
				GCC_WARN_ABOUT_RETURN_TYPE = YES_ERROR;
				GCC_WARN_UNDECLARED_SELECTOR = YES;
				GCC_WARN_UNINITIALIZED_AUTOS = YES_AGGRESSIVE;
				GCC_WARN_UNUSED_FUNCTION = YES;
				GCC_WARN_UNUSED_VARIABLE = YES;
				IPHONEOS_DEPLOYMENT_TARGET = 8.3;
				MTL_ENABLE_DEBUG_INFO = NO;
				SDKROOT = iphoneos;
				VALIDATE_PRODUCT = YES;
			};
			name = Release;
		};
		EE051C721ADE745A00366A91 /* Debug */ = {
			isa = XCBuildConfiguration;
			buildSettings = {
				ASSETCATALOG_COMPILER_APPICON_NAME = AppIcon;
				INFOPLIST_FILE = Algorhythm/Info.plist;
				LD_RUNPATH_SEARCH_PATHS = "$(inherited) @executable_path/Frameworks";
				PRODUCT_NAME = "$(TARGET_NAME)";
			};
			name = Debug;
		};
		EE051C731ADE745A00366A91 /* Release */ = {
			isa = XCBuildConfiguration;
			buildSettings = {
				ASSETCATALOG_COMPILER_APPICON_NAME = AppIcon;
				INFOPLIST_FILE = Algorhythm/Info.plist;
				LD_RUNPATH_SEARCH_PATHS = "$(inherited) @executable_path/Frameworks";
				PRODUCT_NAME = "$(TARGET_NAME)";
			};
			name = Release;
		};
		EE051C751ADE745A00366A91 /* Debug */ = {
			isa = XCBuildConfiguration;
			buildSettings = {
				BUNDLE_LOADER = "$(TEST_HOST)";
				FRAMEWORK_SEARCH_PATHS = (
					"$(SDKROOT)/Developer/Library/Frameworks",
					"$(inherited)",
				);
				GCC_PREPROCESSOR_DEFINITIONS = (
					"DEBUG=1",
					"$(inherited)",
				);
				INFOPLIST_FILE = AlgorhythmTests/Info.plist;
				LD_RUNPATH_SEARCH_PATHS = "$(inherited) @executable_path/Frameworks @loader_path/Frameworks";
				PRODUCT_NAME = "$(TARGET_NAME)";
				TEST_HOST = "$(BUILT_PRODUCTS_DIR)/Algorhythm.app/Algorhythm";
			};
			name = Debug;
		};
		EE051C761ADE745A00366A91 /* Release */ = {
			isa = XCBuildConfiguration;
			buildSettings = {
				BUNDLE_LOADER = "$(TEST_HOST)";
				FRAMEWORK_SEARCH_PATHS = (
					"$(SDKROOT)/Developer/Library/Frameworks",
					"$(inherited)",
				);
				INFOPLIST_FILE = AlgorhythmTests/Info.plist;
				LD_RUNPATH_SEARCH_PATHS = "$(inherited) @executable_path/Frameworks @loader_path/Frameworks";
				PRODUCT_NAME = "$(TARGET_NAME)";
				TEST_HOST = "$(BUILT_PRODUCTS_DIR)/Algorhythm.app/Algorhythm";
			};
			name = Release;
		};
/* End XCBuildConfiguration section */

/* Begin XCConfigurationList section */
		EE051C4D1ADE745A00366A91 /* Build configuration list for PBXProject "Algorhythm" */ = {
			isa = XCConfigurationList;
			buildConfigurations = (
				EE051C6F1ADE745A00366A91 /* Debug */,
				EE051C701ADE745A00366A91 /* Release */,
			);
			defaultConfigurationIsVisible = 0;
			defaultConfigurationName = Release;
		};
		EE051C711ADE745A00366A91 /* Build configuration list for PBXNativeTarget "Algorhythm" */ = {
			isa = XCConfigurationList;
			buildConfigurations = (
				EE051C721ADE745A00366A91 /* Debug */,
				EE051C731ADE745A00366A91 /* Release */,
			);
			defaultConfigurationIsVisible = 0;
		};
		EE051C741ADE745A00366A91 /* Build configuration list for PBXNativeTarget "AlgorhythmTests" */ = {
			isa = XCConfigurationList;
			buildConfigurations = (
				EE051C751ADE745A00366A91 /* Debug */,
				EE051C761ADE745A00366A91 /* Release */,
			);
			defaultConfigurationIsVisible = 0;
		};
/* End XCConfigurationList section */
	};
	rootObject = EE051C4A1ADE745A00366A91 /* Project object */;
}
